
Microsoft Visual Studio Solution File, Format Version 12.00
# Visual Studio 15
VisualStudioVersion = 15.0.28010.2026
MinimumVisualStudioVersion = 10.0.40219.1
Project("{8BC9CEB8-8B4A-11D0-8D11-00A0C91BC942}") = "wymierna", "wymierna\wymierna.vcxproj", "{22103222-1D78-4494-A536-ED11281D306D}"
EndProject
Global
	GlobalSection(SolutionConfigurationPlatforms) = preSolution
		Debug|x64 = Debug|x64
		Debug|x86 = Debug|x86
		Release|x64 = Release|x64
		Release|x86 = Release|x86
	EndGlobalSection
	GlobalSection(ProjectConfigurationPlatforms) = postSolution
		{22103222-1D78-4494-A536-ED11281D306D}.Debug|x64.ActiveCfg = Debug|x64
		{22103222-1D78-4494-A536-ED11281D306D}.Debug|x64.Build.0 = Debug|x64
		{22103222-1D78-4494-A536-ED11281D306D}.Debug|x86.ActiveCfg = Debug|Win32
		{22103222-1D78-4494-A536-ED11281D306D}.Debug|x86.Build.0 = Debug|Win32
		{22103222-1D78-4494-A536-ED11281D306D}.Release|x64.ActiveCfg = Release|x64
		{22103222-1D78-4494-A536-ED11281D306D}.Release|x64.Build.0 = Release|x64
		{22103222-1D78-4494-A536-ED11281D306D}.Release|x86.ActiveCfg = Release|Win32
		{22103222-1D78-4494-A536-ED11281D306D}.Release|x86.Build.0 = Release|Win32
	EndGlobalSection
	GlobalSection(SolutionProperties) = preSolution
		HideSolutionNode = FALSE
	EndGlobalSection
	GlobalSection(ExtensibilityGlobals) = postSolution
		SolutionGuid = {BEB9B740-A91C-4F42-9148-D53355DEA805}
	EndGlobalSection
EndGlobal
